[[tools."github:vercel-labs/agent-browser"]]
version = "0.11.1"
backend = "github:vercel-labs/agent-browser"
"platforms.macos-arm64" = { checksum = "sha256:2c2065e196a50b808159164b2ac216be62b46d6be116dbff20b927429ea51772", url = "https://github.com/vercel-labs/agent-browser/releases/download/v0.11.1/agent-browser-darwin-arm64", url_api = "https://api.github.com/repos/vercel-labs/agent-browser/releases/assets/357784750"}

[[tools.zig]]
version = "0.14.1"
backend = "core:zig"
